
Microsoft Visual Studio Solution File, Format Version 12.00
# Visual Studio Version 16
VisualStudioVersion = 16.0.31229.75
MinimumVisualStudioVersion = 10.0.40219.1
Project("{FAE04EC0-301F-11D3-BF4B-00C04F79EFBC}") = "QRscanner.Android", "QRscanner.Android\QRscanner.Android.csproj", "{6808777D-A13D-4988-AD05-BB90A96EBBBB}"
EndProject
Project("{FAE04EC0-301F-11D3-BF4B-00C04F79EFBC}") = "QRscanner.iOS", "QRscanner.iOS\QRscanner.iOS.csproj", "{155FF825-6422-4BCA-9AB4-95805A7F157C}"
EndProject
Project("{FAE04EC0-301F-11D3-BF4B-00C04F79EFBC}") = "QRscanner", "QRscanner\QRscanner.csproj", "{ADEC08A5-35FB-41E9-968D-6616575BBD1B}"
EndProject
Global
	GlobalSection(SolutionConfigurationPlatforms) = preSolution
		Debug|Any CPU = Debug|Any CPU
		Debug|iPhone = Debug|iPhone
		Debug|iPhoneSimulator = Debug|iPhoneSimulator
		Release|Any CPU = Release|Any CPU
		Release|iPhone = Release|iPhone
		Release|iPhoneSimulator = Release|iPhoneSimulator
	EndGlobalSection
	GlobalSection(ProjectConfigurationPlatforms) = postSolution
		{6808777D-A13D-4988-AD05-BB90A96EBBBB}.Debug|Any CPU.ActiveCfg = Debug|Any CPU
		{6808777D-A13D-4988-AD05-BB90A96EBBBB}.Debug|Any CPU.Build.0 = Debug|Any CPU
		{6808777D-A13D-4988-AD05-BB90A96EBBBB}.Debug|Any CPU.Deploy.0 = Debug|Any CPU
		{6808777D-A13D-4988-AD05-BB90A96EBBBB}.Debug|iPhone.ActiveCfg = Debug|Any CPU
		{6808777D-A13D-4988-AD05-BB90A96EBBBB}.Debug|iPhone.Build.0 = Debug|Any CPU
		{6808777D-A13D-4988-AD05-BB90A96EBBBB}.Debug|iPhone.Deploy.0 = Debug|Any CPU
		{6808777D-A13D-4988-AD05-BB90A96EBBBB}.Debug|iPhoneSimulator.ActiveCfg = Debug|Any CPU
		{6808777D-A13D-4988-AD05-BB90A96EBBBB}.Debug|iPhoneSimulator.Build.0 = Debug|Any CPU
		{6808777D-A13D-4988-AD05-BB90A96EBBBB}.Debug|iPhoneSimulator.Deploy.0 = Debug|Any CPU
		{6808777D-A13D-4988-AD05-BB90A96EBBBB}.Release|Any CPU.ActiveCfg = Release|Any CPU
		{6808777D-A13D-4988-AD05-BB90A96EBBBB}.Release|Any CPU.Build.0 = Release|Any CPU
		{6808777D-A13D-4988-AD05-BB90A96EBBBB}.Release|Any CPU.Deploy.0 = Release|Any CPU
		{6808777D-A13D-4988-AD05-BB90A96EBBBB}.Release|iPhone.ActiveCfg = Release|Any CPU
		{6808777D-A13D-4988-AD05-BB90A96EBBBB}.Release|iPhone.Build.0 = Release|Any CPU
		{6808777D-A13D-4988-AD05-BB90A96EBBBB}.Release|iPhone.Deploy.0 = Release|Any CPU
		{6808777D-A13D-4988-AD05-BB90A96EBBBB}.Release|iPhoneSimulator.ActiveCfg = Release|Any CPU
		{6808777D-A13D-4988-AD05-BB90A96EBBBB}.Release|iPhoneSimulator.Build.0 = Release|Any CPU
		{6808777D-A13D-4988-AD05-BB90A96EBBBB}.Release|iPhoneSimulator.Deploy.0 = Release|Any CPU
		{155FF825-6422-4BCA-9AB4-95805A7F157C}.Debug|Any CPU.ActiveCfg = Debug|iPhone
		{155FF825-6422-4BCA-9AB4-95805A7F157C}.Debug|Any CPU.Build.0 = Debug|iPhone
		{155FF825-6422-4BCA-9AB4-95805A7F157C}.Debug|Any CPU.Deploy.0 = Debug|iPhone
		{155FF825-6422-4BCA-9AB4-95805A7F157C}.Debug|iPhone.ActiveCfg = Debug|iPhone
		{155FF825-6422-4BCA-9AB4-95805A7F157C}.Debug|iPhone.Build.0 = Debug|iPhone
		{155FF825-6422-4BCA-9AB4-95805A7F157C}.Debug|iPhone.Deploy.0 = Debug|iPhone
		{155FF825-6422-4BCA-9AB4-95805A7F157C}.Debug|iPhoneSimulator.ActiveCfg = Debug|iPhoneSimulator
		{155FF825-6422-4BCA-9AB4-95805A7F157C}.Debug|iPhoneSimulator.Build.0 = Debug|iPhoneSimulator
		{155FF825-6422-4BCA-9AB4-95805A7F157C}.Debug|iPhoneSimulator.Deploy.0 = Debug|iPhoneSimulator
		{155FF825-6422-4BCA-9AB4-95805A7F157C}.Release|Any CPU.ActiveCfg = Release|iPhoneSimulator
		{155FF825-6422-4BCA-9AB4-95805A7F157C}.Release|Any CPU.Build.0 = Release|iPhoneSimulator
		{155FF825-6422-4BCA-9AB4-95805A7F157C}.Release|Any CPU.Deploy.0 = Release|iPhoneSimulator
		{155FF825-6422-4BCA-9AB4-95805A7F157C}.Release|iPhone.ActiveCfg = Release|iPhone
		{155FF825-6422-4BCA-9AB4-95805A7F157C}.Release|iPhone.Build.0 = Release|iPhone
		{155FF825-6422-4BCA-9AB4-95805A7F157C}.Release|iPhone.Deploy.0 = Release|iPhone
		{155FF825-6422-4BCA-9AB4-95805A7F157C}.Release|iPhoneSimulator.ActiveCfg = Release|iPhoneSimulator
		{155FF825-6422-4BCA-9AB4-95805A7F157C}.Release|iPhoneSimulator.Build.0 = Release|iPhoneSimulator
		{155FF825-6422-4BCA-9AB4-95805A7F157C}.Release|iPhoneSimulator.Deploy.0 = Release|iPhoneSimulator
		{ADEC08A5-35FB-41E9-968D-6616575BBD1B}.Debug|Any CPU.ActiveCfg = Debug|Any CPU
		{ADEC08A5-35FB-41E9-968D-6616575BBD1B}.Debug|Any CPU.Build.0 = Debug|Any CPU
		{ADEC08A5-35FB-41E9-968D-6616575BBD1B}.Debug|Any CPU.Deploy.0 = Debug|Any CPU
		{ADEC08A5-35FB-41E9-968D-6616575BBD1B}.Debug|iPhone.ActiveCfg = Debug|Any CPU
		{ADEC08A5-35FB-41E9-968D-6616575BBD1B}.Debug|iPhone.Build.0 = Debug|Any CPU
		{ADEC08A5-35FB-41E9-968D-6616575BBD1B}.Debug|iPhone.Deploy.0 = Debug|Any CPU
		{ADEC08A5-35FB-41E9-968D-6616575BBD1B}.Debug|iPhoneSimulator.ActiveCfg = Debug|Any CPU
		{ADEC08A5-35FB-41E9-968D-6616575BBD1B}.Debug|iPhoneSimulator.Build.0 = Debug|Any CPU
		{ADEC08A5-35FB-41E9-968D-6616575BBD1B}.Debug|iPhoneSimulator.Deploy.0 = Debug|Any CPU
		{ADEC08A5-35FB-41E9-968D-6616575BBD1B}.Release|Any CPU.ActiveCfg = Release|Any CPU
		{ADEC08A5-35FB-41E9-968D-6616575BBD1B}.Release|Any CPU.Build.0 = Release|Any CPU
		{ADEC08A5-35FB-41E9-968D-6616575BBD1B}.Release|Any CPU.Deploy.0 = Release|Any CPU
		{ADEC08A5-35FB-41E9-968D-6616575BBD1B}.Release|iPhone.ActiveCfg = Release|Any CPU
		{ADEC08A5-35FB-41E9-968D-6616575BBD1B}.Release|iPhone.Build.0 = Release|Any CPU
		{ADEC08A5-35FB-41E9-968D-6616575BBD1B}.Release|iPhone.Deploy.0 = Release|Any CPU
		{ADEC08A5-35FB-41E9-968D-6616575BBD1B}.Release|iPhoneSimulator.ActiveCfg = Release|Any CPU
		{ADEC08A5-35FB-41E9-968D-6616575BBD1B}.Release|iPhoneSimulator.Build.0 = Release|Any CPU
		{ADEC08A5-35FB-41E9-968D-6616575BBD1B}.Release|iPhoneSimulator.Deploy.0 = Release|Any CPU
	EndGlobalSection
	GlobalSection(SolutionProperties) = preSolution
		HideSolutionNode = FALSE
	EndGlobalSection
	GlobalSection(ExtensibilityGlobals) = postSolution
		SolutionGuid = {0B130E72-2D96-47F1-87E1-23B1C7BF8D42}
	EndGlobalSection
EndGlobal
