
Microsoft Visual Studio Solution File, Format Version 12.00
# Visual Studio Version 16
VisualStudioVersion = 16.0.31112.23
MinimumVisualStudioVersion = 10.0.40219.1
Project("{FAE04EC0-301F-11D3-BF4B-00C04F79EFBC}") = "GymApp.Android", "GymApp.Android\GymApp.Android.csproj", "{E172430D-12D1-44D8-8DCC-21E6344BCBC8}"
EndProject
Project("{FAE04EC0-301F-11D3-BF4B-00C04F79EFBC}") = "GymApp.iOS", "GymApp.iOS\GymApp.iOS.csproj", "{ABCE406E-6954-41F9-AFB3-583CD5A180C3}"
EndProject
Project("{FAE04EC0-301F-11D3-BF4B-00C04F79EFBC}") = "GymApp", "GymApp\GymApp.csproj", "{B2C4AA00-5C79-4DC6-A547-80229ECBBAAD}"
EndProject
Global
	GlobalSection(SolutionConfigurationPlatforms) = preSolution
		Debug|Any CPU = Debug|Any CPU
		Debug|iPhone = Debug|iPhone
		Debug|iPhoneSimulator = Debug|iPhoneSimulator
		Release|Any CPU = Release|Any CPU
		Release|iPhone = Release|iPhone
		Release|iPhoneSimulator = Release|iPhoneSimulator
	EndGlobalSection
	GlobalSection(ProjectConfigurationPlatforms) = postSolution
		{E172430D-12D1-44D8-8DCC-21E6344BCBC8}.Debug|Any CPU.ActiveCfg = Debug|Any CPU
		{E172430D-12D1-44D8-8DCC-21E6344BCBC8}.Debug|Any CPU.Build.0 = Debug|Any CPU
		{E172430D-12D1-44D8-8DCC-21E6344BCBC8}.Debug|Any CPU.Deploy.0 = Debug|Any CPU
		{E172430D-12D1-44D8-8DCC-21E6344BCBC8}.Debug|iPhone.ActiveCfg = Debug|Any CPU
		{E172430D-12D1-44D8-8DCC-21E6344BCBC8}.Debug|iPhone.Build.0 = Debug|Any CPU
		{E172430D-12D1-44D8-8DCC-21E6344BCBC8}.Debug|iPhone.Deploy.0 = Debug|Any CPU
		{E172430D-12D1-44D8-8DCC-21E6344BCBC8}.Debug|iPhoneSimulator.ActiveCfg = Debug|Any CPU
		{E172430D-12D1-44D8-8DCC-21E6344BCBC8}.Debug|iPhoneSimulator.Build.0 = Debug|Any CPU
		{E172430D-12D1-44D8-8DCC-21E6344BCBC8}.Debug|iPhoneSimulator.Deploy.0 = Debug|Any CPU
		{E172430D-12D1-44D8-8DCC-21E6344BCBC8}.Release|Any CPU.ActiveCfg = Release|Any CPU
		{E172430D-12D1-44D8-8DCC-21E6344BCBC8}.Release|Any CPU.Build.0 = Release|Any CPU
		{E172430D-12D1-44D8-8DCC-21E6344BCBC8}.Release|Any CPU.Deploy.0 = Release|Any CPU
		{E172430D-12D1-44D8-8DCC-21E6344BCBC8}.Release|iPhone.ActiveCfg = Release|Any CPU
		{E172430D-12D1-44D8-8DCC-21E6344BCBC8}.Release|iPhone.Build.0 = Release|Any CPU
		{E172430D-12D1-44D8-8DCC-21E6344BCBC8}.Release|iPhone.Deploy.0 = Release|Any CPU
		{E172430D-12D1-44D8-8DCC-21E6344BCBC8}.Release|iPhoneSimulator.ActiveCfg = Release|Any CPU
		{E172430D-12D1-44D8-8DCC-21E6344BCBC8}.Release|iPhoneSimulator.Build.0 = Release|Any CPU
		{E172430D-12D1-44D8-8DCC-21E6344BCBC8}.Release|iPhoneSimulator.Deploy.0 = Release|Any CPU
		{ABCE406E-6954-41F9-AFB3-583CD5A180C3}.Debug|Any CPU.ActiveCfg = Debug|iPhone
		{ABCE406E-6954-41F9-AFB3-583CD5A180C3}.Debug|Any CPU.Build.0 = Debug|iPhone
		{ABCE406E-6954-41F9-AFB3-583CD5A180C3}.Debug|Any CPU.Deploy.0 = Debug|iPhone
		{ABCE406E-6954-41F9-AFB3-583CD5A180C3}.Debug|iPhone.ActiveCfg = Debug|iPhone
		{ABCE406E-6954-41F9-AFB3-583CD5A180C3}.Debug|iPhone.Build.0 = Debug|iPhone
		{ABCE406E-6954-41F9-AFB3-583CD5A180C3}.Debug|iPhone.Deploy.0 = Debug|iPhone
		{ABCE406E-6954-41F9-AFB3-583CD5A180C3}.Debug|iPhoneSimulator.ActiveCfg = Debug|iPhoneSimulator
		{ABCE406E-6954-41F9-AFB3-583CD5A180C3}.Debug|iPhoneSimulator.Build.0 = Debug|iPhoneSimulator
		{ABCE406E-6954-41F9-AFB3-583CD5A180C3}.Debug|iPhoneSimulator.Deploy.0 = Debug|iPhoneSimulator
		{ABCE406E-6954-41F9-AFB3-583CD5A180C3}.Release|Any CPU.ActiveCfg = Release|iPhoneSimulator
		{ABCE406E-6954-41F9-AFB3-583CD5A180C3}.Release|Any CPU.Build.0 = Release|iPhoneSimulator
		{ABCE406E-6954-41F9-AFB3-583CD5A180C3}.Release|Any CPU.Deploy.0 = Release|iPhoneSimulator
		{ABCE406E-6954-41F9-AFB3-583CD5A180C3}.Release|iPhone.ActiveCfg = Release|iPhone
		{ABCE406E-6954-41F9-AFB3-583CD5A180C3}.Release|iPhone.Build.0 = Release|iPhone
		{ABCE406E-6954-41F9-AFB3-583CD5A180C3}.Release|iPhone.Deploy.0 = Release|iPhone
		{ABCE406E-6954-41F9-AFB3-583CD5A180C3}.Release|iPhoneSimulator.ActiveCfg = Release|iPhoneSimulator
		{ABCE406E-6954-41F9-AFB3-583CD5A180C3}.Release|iPhoneSimulator.Build.0 = Release|iPhoneSimulator
		{ABCE406E-6954-41F9-AFB3-583CD5A180C3}.Release|iPhoneSimulator.Deploy.0 = Release|iPhoneSimulator
		{B2C4AA00-5C79-4DC6-A547-80229ECBBAAD}.Debug|Any CPU.ActiveCfg = Debug|Any CPU
		{B2C4AA00-5C79-4DC6-A547-80229ECBBAAD}.Debug|Any CPU.Build.0 = Debug|Any CPU
		{B2C4AA00-5C79-4DC6-A547-80229ECBBAAD}.Debug|Any CPU.Deploy.0 = Debug|Any CPU
		{B2C4AA00-5C79-4DC6-A547-80229ECBBAAD}.Debug|iPhone.ActiveCfg = Debug|Any CPU
		{B2C4AA00-5C79-4DC6-A547-80229ECBBAAD}.Debug|iPhone.Build.0 = Debug|Any CPU
		{B2C4AA00-5C79-4DC6-A547-80229ECBBAAD}.Debug|iPhone.Deploy.0 = Debug|Any CPU
		{B2C4AA00-5C79-4DC6-A547-80229ECBBAAD}.Debug|iPhoneSimulator.ActiveCfg = Debug|Any CPU
		{B2C4AA00-5C79-4DC6-A547-80229ECBBAAD}.Debug|iPhoneSimulator.Build.0 = Debug|Any CPU
		{B2C4AA00-5C79-4DC6-A547-80229ECBBAAD}.Debug|iPhoneSimulator.Deploy.0 = Debug|Any CPU
		{B2C4AA00-5C79-4DC6-A547-80229ECBBAAD}.Release|Any CPU.ActiveCfg = Release|Any CPU
		{B2C4AA00-5C79-4DC6-A547-80229ECBBAAD}.Release|Any CPU.Build.0 = Release|Any CPU
		{B2C4AA00-5C79-4DC6-A547-80229ECBBAAD}.Release|Any CPU.Deploy.0 = Release|Any CPU
		{B2C4AA00-5C79-4DC6-A547-80229ECBBAAD}.Release|iPhone.ActiveCfg = Release|Any CPU
		{B2C4AA00-5C79-4DC6-A547-80229ECBBAAD}.Release|iPhone.Build.0 = Release|Any CPU
		{B2C4AA00-5C79-4DC6-A547-80229ECBBAAD}.Release|iPhone.Deploy.0 = Release|Any CPU
		{B2C4AA00-5C79-4DC6-A547-80229ECBBAAD}.Release|iPhoneSimulator.ActiveCfg = Release|Any CPU
		{B2C4AA00-5C79-4DC6-A547-80229ECBBAAD}.Release|iPhoneSimulator.Build.0 = Release|Any CPU
		{B2C4AA00-5C79-4DC6-A547-80229ECBBAAD}.Release|iPhoneSimulator.Deploy.0 = Release|Any CPU
	EndGlobalSection
	GlobalSection(SolutionProperties) = preSolution
		HideSolutionNode = FALSE
	EndGlobalSection
	GlobalSection(ExtensibilityGlobals) = postSolution
		SolutionGuid = {2E243036-0884-402E-9406-FE1E008D91C8}
	EndGlobalSection
EndGlobal
