
Microsoft Visual Studio Solution File, Format Version 12.00
# Visual Studio Version 16
VisualStudioVersion = 16.0.31112.23
MinimumVisualStudioVersion = 10.0.40219.1
Project("{FAE04EC0-301F-11D3-BF4B-00C04F79EFBC}") = "exampleApp.Android", "exampleApp\exampleApp.Android\exampleApp.Android.csproj", "{96F0D8A0-68D7-4A14-A168-EB253A1F97B4}"
EndProject
Project("{FAE04EC0-301F-11D3-BF4B-00C04F79EFBC}") = "exampleApp.iOS", "exampleApp\exampleApp.iOS\exampleApp.iOS.csproj", "{46E8E665-C519-4683-A70B-05796D999AE7}"
EndProject
Project("{FAE04EC0-301F-11D3-BF4B-00C04F79EFBC}") = "exampleApp", "exampleApp\exampleApp\exampleApp.csproj", "{CE634378-FE96-45F4-909C-1ED87AA3283A}"
EndProject
Global
	GlobalSection(SolutionConfigurationPlatforms) = preSolution
		Debug|Any CPU = Debug|Any CPU
		Debug|iPhone = Debug|iPhone
		Debug|iPhoneSimulator = Debug|iPhoneSimulator
		Release|Any CPU = Release|Any CPU
		Release|iPhone = Release|iPhone
		Release|iPhoneSimulator = Release|iPhoneSimulator
	EndGlobalSection
	GlobalSection(ProjectConfigurationPlatforms) = postSolution
		{96F0D8A0-68D7-4A14-A168-EB253A1F97B4}.Debug|Any CPU.ActiveCfg = Debug|Any CPU
		{96F0D8A0-68D7-4A14-A168-EB253A1F97B4}.Debug|Any CPU.Build.0 = Debug|Any CPU
		{96F0D8A0-68D7-4A14-A168-EB253A1F97B4}.Debug|Any CPU.Deploy.0 = Debug|Any CPU
		{96F0D8A0-68D7-4A14-A168-EB253A1F97B4}.Debug|iPhone.ActiveCfg = Debug|Any CPU
		{96F0D8A0-68D7-4A14-A168-EB253A1F97B4}.Debug|iPhone.Build.0 = Debug|Any CPU
		{96F0D8A0-68D7-4A14-A168-EB253A1F97B4}.Debug|iPhone.Deploy.0 = Debug|Any CPU
		{96F0D8A0-68D7-4A14-A168-EB253A1F97B4}.Debug|iPhoneSimulator.ActiveCfg = Debug|Any CPU
		{96F0D8A0-68D7-4A14-A168-EB253A1F97B4}.Debug|iPhoneSimulator.Build.0 = Debug|Any CPU
		{96F0D8A0-68D7-4A14-A168-EB253A1F97B4}.Debug|iPhoneSimulator.Deploy.0 = Debug|Any CPU
		{96F0D8A0-68D7-4A14-A168-EB253A1F97B4}.Release|Any CPU.ActiveCfg = Release|Any CPU
		{96F0D8A0-68D7-4A14-A168-EB253A1F97B4}.Release|Any CPU.Build.0 = Release|Any CPU
		{96F0D8A0-68D7-4A14-A168-EB253A1F97B4}.Release|Any CPU.Deploy.0 = Release|Any CPU
		{96F0D8A0-68D7-4A14-A168-EB253A1F97B4}.Release|iPhone.ActiveCfg = Release|Any CPU
		{96F0D8A0-68D7-4A14-A168-EB253A1F97B4}.Release|iPhone.Build.0 = Release|Any CPU
		{96F0D8A0-68D7-4A14-A168-EB253A1F97B4}.Release|iPhone.Deploy.0 = Release|Any CPU
		{96F0D8A0-68D7-4A14-A168-EB253A1F97B4}.Release|iPhoneSimulator.ActiveCfg = Release|Any CPU
		{96F0D8A0-68D7-4A14-A168-EB253A1F97B4}.Release|iPhoneSimulator.Build.0 = Release|Any CPU
		{96F0D8A0-68D7-4A14-A168-EB253A1F97B4}.Release|iPhoneSimulator.Deploy.0 = Release|Any CPU
		{46E8E665-C519-4683-A70B-05796D999AE7}.Debug|Any CPU.ActiveCfg = Debug|iPhone
		{46E8E665-C519-4683-A70B-05796D999AE7}.Debug|Any CPU.Build.0 = Debug|iPhone
		{46E8E665-C519-4683-A70B-05796D999AE7}.Debug|Any CPU.Deploy.0 = Debug|iPhone
		{46E8E665-C519-4683-A70B-05796D999AE7}.Debug|iPhone.ActiveCfg = Debug|iPhone
		{46E8E665-C519-4683-A70B-05796D999AE7}.Debug|iPhone.Build.0 = Debug|iPhone
		{46E8E665-C519-4683-A70B-05796D999AE7}.Debug|iPhone.Deploy.0 = Debug|iPhone
		{46E8E665-C519-4683-A70B-05796D999AE7}.Debug|iPhoneSimulator.ActiveCfg = Debug|iPhoneSimulator
		{46E8E665-C519-4683-A70B-05796D999AE7}.Debug|iPhoneSimulator.Build.0 = Debug|iPhoneSimulator
		{46E8E665-C519-4683-A70B-05796D999AE7}.Debug|iPhoneSimulator.Deploy.0 = Debug|iPhoneSimulator
		{46E8E665-C519-4683-A70B-05796D999AE7}.Release|Any CPU.ActiveCfg = Release|iPhoneSimulator
		{46E8E665-C519-4683-A70B-05796D999AE7}.Release|Any CPU.Build.0 = Release|iPhoneSimulator
		{46E8E665-C519-4683-A70B-05796D999AE7}.Release|Any CPU.Deploy.0 = Release|iPhoneSimulator
		{46E8E665-C519-4683-A70B-05796D999AE7}.Release|iPhone.ActiveCfg = Release|iPhone
		{46E8E665-C519-4683-A70B-05796D999AE7}.Release|iPhone.Build.0 = Release|iPhone
		{46E8E665-C519-4683-A70B-05796D999AE7}.Release|iPhone.Deploy.0 = Release|iPhone
		{46E8E665-C519-4683-A70B-05796D999AE7}.Release|iPhoneSimulator.ActiveCfg = Release|iPhoneSimulator
		{46E8E665-C519-4683-A70B-05796D999AE7}.Release|iPhoneSimulator.Build.0 = Release|iPhoneSimulator
		{46E8E665-C519-4683-A70B-05796D999AE7}.Release|iPhoneSimulator.Deploy.0 = Release|iPhoneSimulator
		{CE634378-FE96-45F4-909C-1ED87AA3283A}.Debug|Any CPU.ActiveCfg = Debug|Any CPU
		{CE634378-FE96-45F4-909C-1ED87AA3283A}.Debug|Any CPU.Build.0 = Debug|Any CPU
		{CE634378-FE96-45F4-909C-1ED87AA3283A}.Debug|Any CPU.Deploy.0 = Debug|Any CPU
		{CE634378-FE96-45F4-909C-1ED87AA3283A}.Debug|iPhone.ActiveCfg = Debug|Any CPU
		{CE634378-FE96-45F4-909C-1ED87AA3283A}.Debug|iPhone.Build.0 = Debug|Any CPU
		{CE634378-FE96-45F4-909C-1ED87AA3283A}.Debug|iPhone.Deploy.0 = Debug|Any CPU
		{CE634378-FE96-45F4-909C-1ED87AA3283A}.Debug|iPhoneSimulator.ActiveCfg = Debug|Any CPU
		{CE634378-FE96-45F4-909C-1ED87AA3283A}.Debug|iPhoneSimulator.Build.0 = Debug|Any CPU
		{CE634378-FE96-45F4-909C-1ED87AA3283A}.Debug|iPhoneSimulator.Deploy.0 = Debug|Any CPU
		{CE634378-FE96-45F4-909C-1ED87AA3283A}.Release|Any CPU.ActiveCfg = Release|Any CPU
		{CE634378-FE96-45F4-909C-1ED87AA3283A}.Release|Any CPU.Build.0 = Release|Any CPU
		{CE634378-FE96-45F4-909C-1ED87AA3283A}.Release|Any CPU.Deploy.0 = Release|Any CPU
		{CE634378-FE96-45F4-909C-1ED87AA3283A}.Release|iPhone.ActiveCfg = Release|Any CPU
		{CE634378-FE96-45F4-909C-1ED87AA3283A}.Release|iPhone.Build.0 = Release|Any CPU
		{CE634378-FE96-45F4-909C-1ED87AA3283A}.Release|iPhone.Deploy.0 = Release|Any CPU
		{CE634378-FE96-45F4-909C-1ED87AA3283A}.Release|iPhoneSimulator.ActiveCfg = Release|Any CPU
		{CE634378-FE96-45F4-909C-1ED87AA3283A}.Release|iPhoneSimulator.Build.0 = Release|Any CPU
		{CE634378-FE96-45F4-909C-1ED87AA3283A}.Release|iPhoneSimulator.Deploy.0 = Release|Any CPU
	EndGlobalSection
	GlobalSection(SolutionProperties) = preSolution
		HideSolutionNode = FALSE
	EndGlobalSection
	GlobalSection(ExtensibilityGlobals) = postSolution
		SolutionGuid = {519BAE46-AC4D-4316-AD55-52C301067584}
	EndGlobalSection
EndGlobal
