
Microsoft Visual Studio Solution File, Format Version 12.00
# Visual Studio Version 16
VisualStudioVersion = 16.0.31112.23
MinimumVisualStudioVersion = 10.0.40219.1
Project("{9A19103F-16F7-4668-BE54-9A1E7A4F7556}") = "EventHubFunction", "EventHubFunction.csproj", "{B2AF1F05-6D25-4394-8EDA-E594846051B7}"
EndProject
Global
	GlobalSection(SolutionConfigurationPlatforms) = preSolution
		Debug|Any CPU = Debug|Any CPU
		Release|Any CPU = Release|Any CPU
	EndGlobalSection
	GlobalSection(ProjectConfigurationPlatforms) = postSolution
		{B2AF1F05-6D25-4394-8EDA-E594846051B7}.Debug|Any CPU.ActiveCfg = Debug|Any CPU
		{B2AF1F05-6D25-4394-8EDA-E594846051B7}.Debug|Any CPU.Build.0 = Debug|Any CPU
		{B2AF1F05-6D25-4394-8EDA-E594846051B7}.Release|Any CPU.ActiveCfg = Release|Any CPU
		{B2AF1F05-6D25-4394-8EDA-E594846051B7}.Release|Any CPU.Build.0 = Release|Any CPU
	EndGlobalSection
	GlobalSection(SolutionProperties) = preSolution
		HideSolutionNode = FALSE
	EndGlobalSection
	GlobalSection(ExtensibilityGlobals) = postSolution
		SolutionGuid = {51214879-1E05-4287-B6C0-F97DC3741F84}
	EndGlobalSection
EndGlobal
