
Microsoft Visual Studio Solution File, Format Version 12.00
# Visual Studio Version 16
VisualStudioVersion = 16.0.31112.23
MinimumVisualStudioVersion = 10.0.40219.1
Project("{FAE04EC0-301F-11D3-BF4B-00C04F79EFBC}") = "testingApp.Android", "testingApp.Android\testingApp.Android.csproj", "{AFAD931F-70DF-47D4-BAE3-8D169DF15193}"
EndProject
Project("{FAE04EC0-301F-11D3-BF4B-00C04F79EFBC}") = "testingApp.iOS", "testingApp.iOS\testingApp.iOS.csproj", "{3437DE8E-D4ED-4DBF-8BBF-156F4DF76A6E}"
EndProject
Project("{FAE04EC0-301F-11D3-BF4B-00C04F79EFBC}") = "testingApp", "testingApp\testingApp.csproj", "{3F762C23-6DB5-4F19-8ABB-AFFBACF0BFC7}"
EndProject
Global
	GlobalSection(SolutionConfigurationPlatforms) = preSolution
		Debug|Any CPU = Debug|Any CPU
		Debug|iPhone = Debug|iPhone
		Debug|iPhoneSimulator = Debug|iPhoneSimulator
		Release|Any CPU = Release|Any CPU
		Release|iPhone = Release|iPhone
		Release|iPhoneSimulator = Release|iPhoneSimulator
	EndGlobalSection
	GlobalSection(ProjectConfigurationPlatforms) = postSolution
		{AFAD931F-70DF-47D4-BAE3-8D169DF15193}.Debug|Any CPU.ActiveCfg = Debug|Any CPU
		{AFAD931F-70DF-47D4-BAE3-8D169DF15193}.Debug|Any CPU.Build.0 = Debug|Any CPU
		{AFAD931F-70DF-47D4-BAE3-8D169DF15193}.Debug|Any CPU.Deploy.0 = Debug|Any CPU
		{AFAD931F-70DF-47D4-BAE3-8D169DF15193}.Debug|iPhone.ActiveCfg = Debug|Any CPU
		{AFAD931F-70DF-47D4-BAE3-8D169DF15193}.Debug|iPhone.Build.0 = Debug|Any CPU
		{AFAD931F-70DF-47D4-BAE3-8D169DF15193}.Debug|iPhone.Deploy.0 = Debug|Any CPU
		{AFAD931F-70DF-47D4-BAE3-8D169DF15193}.Debug|iPhoneSimulator.ActiveCfg = Debug|Any CPU
		{AFAD931F-70DF-47D4-BAE3-8D169DF15193}.Debug|iPhoneSimulator.Build.0 = Debug|Any CPU
		{AFAD931F-70DF-47D4-BAE3-8D169DF15193}.Debug|iPhoneSimulator.Deploy.0 = Debug|Any CPU
		{AFAD931F-70DF-47D4-BAE3-8D169DF15193}.Release|Any CPU.ActiveCfg = Release|Any CPU
		{AFAD931F-70DF-47D4-BAE3-8D169DF15193}.Release|Any CPU.Build.0 = Release|Any CPU
		{AFAD931F-70DF-47D4-BAE3-8D169DF15193}.Release|Any CPU.Deploy.0 = Release|Any CPU
		{AFAD931F-70DF-47D4-BAE3-8D169DF15193}.Release|iPhone.ActiveCfg = Release|Any CPU
		{AFAD931F-70DF-47D4-BAE3-8D169DF15193}.Release|iPhone.Build.0 = Release|Any CPU
		{AFAD931F-70DF-47D4-BAE3-8D169DF15193}.Release|iPhone.Deploy.0 = Release|Any CPU
		{AFAD931F-70DF-47D4-BAE3-8D169DF15193}.Release|iPhoneSimulator.ActiveCfg = Release|Any CPU
		{AFAD931F-70DF-47D4-BAE3-8D169DF15193}.Release|iPhoneSimulator.Build.0 = Release|Any CPU
		{AFAD931F-70DF-47D4-BAE3-8D169DF15193}.Release|iPhoneSimulator.Deploy.0 = Release|Any CPU
		{3437DE8E-D4ED-4DBF-8BBF-156F4DF76A6E}.Debug|Any CPU.ActiveCfg = Debug|iPhone
		{3437DE8E-D4ED-4DBF-8BBF-156F4DF76A6E}.Debug|Any CPU.Build.0 = Debug|iPhone
		{3437DE8E-D4ED-4DBF-8BBF-156F4DF76A6E}.Debug|Any CPU.Deploy.0 = Debug|iPhone
		{3437DE8E-D4ED-4DBF-8BBF-156F4DF76A6E}.Debug|iPhone.ActiveCfg = Debug|iPhone
		{3437DE8E-D4ED-4DBF-8BBF-156F4DF76A6E}.Debug|iPhone.Build.0 = Debug|iPhone
		{3437DE8E-D4ED-4DBF-8BBF-156F4DF76A6E}.Debug|iPhone.Deploy.0 = Debug|iPhone
		{3437DE8E-D4ED-4DBF-8BBF-156F4DF76A6E}.Debug|iPhoneSimulator.ActiveCfg = Debug|iPhoneSimulator
		{3437DE8E-D4ED-4DBF-8BBF-156F4DF76A6E}.Debug|iPhoneSimulator.Build.0 = Debug|iPhoneSimulator
		{3437DE8E-D4ED-4DBF-8BBF-156F4DF76A6E}.Debug|iPhoneSimulator.Deploy.0 = Debug|iPhoneSimulator
		{3437DE8E-D4ED-4DBF-8BBF-156F4DF76A6E}.Release|Any CPU.ActiveCfg = Release|iPhoneSimulator
		{3437DE8E-D4ED-4DBF-8BBF-156F4DF76A6E}.Release|Any CPU.Build.0 = Release|iPhoneSimulator
		{3437DE8E-D4ED-4DBF-8BBF-156F4DF76A6E}.Release|Any CPU.Deploy.0 = Release|iPhoneSimulator
		{3437DE8E-D4ED-4DBF-8BBF-156F4DF76A6E}.Release|iPhone.ActiveCfg = Release|iPhone
		{3437DE8E-D4ED-4DBF-8BBF-156F4DF76A6E}.Release|iPhone.Build.0 = Release|iPhone
		{3437DE8E-D4ED-4DBF-8BBF-156F4DF76A6E}.Release|iPhone.Deploy.0 = Release|iPhone
		{3437DE8E-D4ED-4DBF-8BBF-156F4DF76A6E}.Release|iPhoneSimulator.ActiveCfg = Release|iPhoneSimulator
		{3437DE8E-D4ED-4DBF-8BBF-156F4DF76A6E}.Release|iPhoneSimulator.Build.0 = Release|iPhoneSimulator
		{3437DE8E-D4ED-4DBF-8BBF-156F4DF76A6E}.Release|iPhoneSimulator.Deploy.0 = Release|iPhoneSimulator
		{3F762C23-6DB5-4F19-8ABB-AFFBACF0BFC7}.Debug|Any CPU.ActiveCfg = Debug|Any CPU
		{3F762C23-6DB5-4F19-8ABB-AFFBACF0BFC7}.Debug|Any CPU.Build.0 = Debug|Any CPU
		{3F762C23-6DB5-4F19-8ABB-AFFBACF0BFC7}.Debug|Any CPU.Deploy.0 = Debug|Any CPU
		{3F762C23-6DB5-4F19-8ABB-AFFBACF0BFC7}.Debug|iPhone.ActiveCfg = Debug|Any CPU
		{3F762C23-6DB5-4F19-8ABB-AFFBACF0BFC7}.Debug|iPhone.Build.0 = Debug|Any CPU
		{3F762C23-6DB5-4F19-8ABB-AFFBACF0BFC7}.Debug|iPhone.Deploy.0 = Debug|Any CPU
		{3F762C23-6DB5-4F19-8ABB-AFFBACF0BFC7}.Debug|iPhoneSimulator.ActiveCfg = Debug|Any CPU
		{3F762C23-6DB5-4F19-8ABB-AFFBACF0BFC7}.Debug|iPhoneSimulator.Build.0 = Debug|Any CPU
		{3F762C23-6DB5-4F19-8ABB-AFFBACF0BFC7}.Debug|iPhoneSimulator.Deploy.0 = Debug|Any CPU
		{3F762C23-6DB5-4F19-8ABB-AFFBACF0BFC7}.Release|Any CPU.ActiveCfg = Release|Any CPU
		{3F762C23-6DB5-4F19-8ABB-AFFBACF0BFC7}.Release|Any CPU.Build.0 = Release|Any CPU
		{3F762C23-6DB5-4F19-8ABB-AFFBACF0BFC7}.Release|Any CPU.Deploy.0 = Release|Any CPU
		{3F762C23-6DB5-4F19-8ABB-AFFBACF0BFC7}.Release|iPhone.ActiveCfg = Release|Any CPU
		{3F762C23-6DB5-4F19-8ABB-AFFBACF0BFC7}.Release|iPhone.Build.0 = Release|Any CPU
		{3F762C23-6DB5-4F19-8ABB-AFFBACF0BFC7}.Release|iPhone.Deploy.0 = Release|Any CPU
		{3F762C23-6DB5-4F19-8ABB-AFFBACF0BFC7}.Release|iPhoneSimulator.ActiveCfg = Release|Any CPU
		{3F762C23-6DB5-4F19-8ABB-AFFBACF0BFC7}.Release|iPhoneSimulator.Build.0 = Release|Any CPU
		{3F762C23-6DB5-4F19-8ABB-AFFBACF0BFC7}.Release|iPhoneSimulator.Deploy.0 = Release|Any CPU
	EndGlobalSection
	GlobalSection(SolutionProperties) = preSolution
		HideSolutionNode = FALSE
	EndGlobalSection
	GlobalSection(ExtensibilityGlobals) = postSolution
		SolutionGuid = {4EAB42A9-784C-42AC-831F-D5FFC05481F6}
	EndGlobalSection
EndGlobal
